// !$*UTF8*$!
{
	archiveVersion = 1;
	classes = {
	};
	objectVersion = 51;
	objects = {

/* Begin PBXBuildFile section */
		1F2D11871CF6219C2EE126EE /* Pods_ProyectoIntegracion.framework in Frameworks */ = {isa = PBXBuildFile; fileRef = F8ED89E96D77C588FB79D4B8 /* Pods_ProyectoIntegracion.framework */; };
		B80F0EF3270FCBF10013685A /* AppDelegate.swift in Sources */ = {isa = PBXBuildFile; fileRef = B80F0EF2270FCBF10013685A /* AppDelegate.swift */; };
		B80F0EF5270FCBF20013685A /* SceneDelegate.swift in Sources */ = {isa = PBXBuildFile; fileRef = B80F0EF4270FCBF20013685A /* SceneDelegate.swift */; };
		B80F0EF7270FCBF20013685A /* ViewController.swift in Sources */ = {isa = PBXBuildFile; fileRef = B80F0EF6270FCBF20013685A /* ViewController.swift */; };
		B80F0EFA270FCBF20013685A /* Main.storyboard in Resources */ = {isa = PBXBuildFile; fileRef = B80F0EF8270FCBF20013685A /* Main.storyboard */; };
		B80F0EFC270FCBF30013685A /* Assets.xcassets in Resources */ = {isa = PBXBuildFile; fileRef = B80F0EFB270FCBF30013685A /* Assets.xcassets */; };
		B80F0EFF270FCBF30013685A /* LaunchScreen.storyboard in Resources */ = {isa = PBXBuildFile; fileRef = B80F0EFD270FCBF30013685A /* LaunchScreen.storyboard */; };
		B80F0F08270FEA650013685A /* CETACTableViewController.swift in Sources */ = {isa = PBXBuildFile; fileRef = B80F0F07270FEA650013685A /* CETACTableViewController.swift */; };
		B80F0F0A270FEA850013685A /* HolisticoTableViewController.swift in Sources */ = {isa = PBXBuildFile; fileRef = B80F0F09270FEA850013685A /* HolisticoTableViewController.swift */; };
		B80F0F0C270FEAA20013685A /* AlternativasTableViewController.swift in Sources */ = {isa = PBXBuildFile; fileRef = B80F0F0B270FEAA20013685A /* AlternativasTableViewController.swift */; };
		B80F0F0E270FEAB40013685A /* AcompanamientoTableViewController.swift in Sources */ = {isa = PBXBuildFile; fileRef = B80F0F0D270FEAB40013685A /* AcompanamientoTableViewController.swift */; };
		B80F0F10270FF4720013685A /* ContactosTableViewController.swift in Sources */ = {isa = PBXBuildFile; fileRef = B80F0F0F270FF4720013685A /* ContactosTableViewController.swift */; };
		B80F0F12270FF6DC0013685A /* ExpedienteTableViewController.swift in Sources */ = {isa = PBXBuildFile; fileRef = B80F0F11270FF6DC0013685A /* ExpedienteTableViewController.swift */; };
		B80F0F14270FF7060013685A /* SesionesTableViewController.swift in Sources */ = {isa = PBXBuildFile; fileRef = B80F0F13270FF7060013685A /* SesionesTableViewController.swift */; };
		B80F0F18271001B30013685A /* EncuadreTableViewController.swift in Sources */ = {isa = PBXBuildFile; fileRef = B80F0F17271001B30013685A /* EncuadreTableViewController.swift */; };
		B82205B52712350C00095673 /* RegistraViewController.swift in Sources */ = {isa = PBXBuildFile; fileRef = B82205B42712350C00095673 /* RegistraViewController.swift */; };
		B8BBC7D7271246810042B08A /* PerfilViewController.swift in Sources */ = {isa = PBXBuildFile; fileRef = B8BBC7D6271246810042B08A /* PerfilViewController.swift */; };
		B8BBC7DA27124CC60042B08A /* Perfil.swift in Sources */ = {isa = PBXBuildFile; fileRef = B8BBC7D927124CC60042B08A /* Perfil.swift */; };
		B8BBC7DF27126FD10042B08A /* AdminCambiosViewController.swift in Sources */ = {isa = PBXBuildFile; fileRef = B8BBC7DE27126FD10042B08A /* AdminCambiosViewController.swift */; };
		B8BBC7E12712732B0042B08A /* TanatolCambioViewController.swift in Sources */ = {isa = PBXBuildFile; fileRef = B8BBC7E02712732B0042B08A /* TanatolCambioViewController.swift */; };
		B8BBC7E3271280760042B08A /* UsuarioCambioViewController.swift in Sources */ = {isa = PBXBuildFile; fileRef = B8BBC7E2271280760042B08A /* UsuarioCambioViewController.swift */; };
		B8BBC7E5271297DD0042B08A /* VistaSesionViewController.swift in Sources */ = {isa = PBXBuildFile; fileRef = B8BBC7E4271297DD0042B08A /* VistaSesionViewController.swift */; };
		B8BBC7E727129AD80042B08A /* CambioSesionViewController.swift in Sources */ = {isa = PBXBuildFile; fileRef = B8BBC7E627129AD80042B08A /* CambioSesionViewController.swift */; };
		B8C14D77271E50DC0008B350 /* Chart2ViewController.swift in Sources */ = {isa = PBXBuildFile; fileRef = B8C14D76271E50DC0008B350 /* Chart2ViewController.swift */; };
		B8C14D79271E6B430008B350 /* Chart3ViewController.swift in Sources */ = {isa = PBXBuildFile; fileRef = B8C14D78271E6B430008B350 /* Chart3ViewController.swift */; };
		B8C14D7B271E6E430008B350 /* Tops.swift in Sources */ = {isa = PBXBuildFile; fileRef = B8C14D7A271E6E430008B350 /* Tops.swift */; };
		B8CB4153271E39260092FD89 /* Chart1ViewController.swift in Sources */ = {isa = PBXBuildFile; fileRef = B8CB4152271E39260092FD89 /* Chart1ViewController.swift */; };
		B8CDEDCC27120D9E00AD7DC1 /* MotivoPickerView.swift in Sources */ = {isa = PBXBuildFile; fileRef = B8CDEDCB27120D9E00AD7DC1 /* MotivoPickerView.swift */; };
		B8CDEDCE27120F4800AD7DC1 /* SesionViewController.swift in Sources */ = {isa = PBXBuildFile; fileRef = B8CDEDCD27120F4800AD7DC1 /* SesionViewController.swift */; };
		B8CDEDD0271211E800AD7DC1 /* GoogleService-Info.plist in Resources */ = {isa = PBXBuildFile; fileRef = B8CDEDCF271211E800AD7DC1 /* GoogleService-Info.plist */; };
		B8CE411C271650CE00D51DBD /* CETAC_DetallesViewController.swift in Sources */ = {isa = PBXBuildFile; fileRef = B8CE411B271650CE00D51DBD /* CETAC_DetallesViewController.swift */; };
		B8CE411E2716513C00D51DBD /* Informacion.swift in Sources */ = {isa = PBXBuildFile; fileRef = B8CE411D2716513C00D51DBD /* Informacion.swift */; };
		B8CE4120271654EE00D51DBD /* Holistico_DetallesViewController.swift in Sources */ = {isa = PBXBuildFile; fileRef = B8CE411F271654EE00D51DBD /* Holistico_DetallesViewController.swift */; };
		B8CE4122271654FC00D51DBD /* Holistico.swift in Sources */ = {isa = PBXBuildFile; fileRef = B8CE4121271654FC00D51DBD /* Holistico.swift */; };
		B8CE4126271658FA00D51DBD /* Acompa.swift in Sources */ = {isa = PBXBuildFile; fileRef = B8CE4125271658FA00D51DBD /* Acompa.swift */; };
		B8CE412827165A4600D51DBD /* Acompa_DetallesViewController.swift in Sources */ = {isa = PBXBuildFile; fileRef = B8CE412727165A4600D51DBD /* Acompa_DetallesViewController.swift */; };
		B8CE412A27165BD300D51DBD /* Alternativas.swift in Sources */ = {isa = PBXBuildFile; fileRef = B8CE412927165BD300D51DBD /* Alternativas.swift */; };
		B8CE412C27165C6A00D51DBD /* Alternativas_DetallesViewController.swift in Sources */ = {isa = PBXBuildFile; fileRef = B8CE412B27165C6A00D51DBD /* Alternativas_DetallesViewController.swift */; };
/* End PBXBuildFile section */

/* Begin PBXFileReference section */
		6880EFA91AEA7573F0893516 /* Pods-ProyectoIntegracion.release.xcconfig */ = {isa = PBXFileReference; includeInIndex = 1; lastKnownFileType = text.xcconfig; name = "Pods-ProyectoIntegracion.release.xcconfig"; path = "Target Support Files/Pods-ProyectoIntegracion/Pods-ProyectoIntegracion.release.xcconfig"; sourceTree = "<group>"; };
		9FCD021655EA7E7390F5CCAC /* Pods-ProyectoIntegracion.debug.xcconfig */ = {isa = PBXFileReference; includeInIndex = 1; lastKnownFileType = text.xcconfig; name = "Pods-ProyectoIntegracion.debug.xcconfig"; path = "Target Support Files/Pods-ProyectoIntegracion/Pods-ProyectoIntegracion.debug.xcconfig"; sourceTree = "<group>"; };
		B80F0EEF270FCBF10013685A /* ProyectoIntegracion.app */ = {isa = PBXFileReference; explicitFileType = wrapper.application; includeInIndex = 0; path = ProyectoIntegracion.app; sourceTree = BUILT_PRODUCTS_DIR; };
		B80F0EF2270FCBF10013685A /* AppDelegate.swift */ = {isa = PBXFileReference; lastKnownFileType = sourcecode.swift; path = AppDelegate.swift; sourceTree = "<group>"; };
		B80F0EF4270FCBF20013685A /* SceneDelegate.swift */ = {isa = PBXFileReference; lastKnownFileType = sourcecode.swift; path = SceneDelegate.swift; sourceTree = "<group>"; };
		B80F0EF6270FCBF20013685A /* ViewController.swift */ = {isa = PBXFileReference; lastKnownFileType = sourcecode.swift; path = ViewController.swift; sourceTree = "<group>"; };
		B80F0EF9270FCBF20013685A /* Base */ = {isa = PBXFileReference; lastKnownFileType = file.storyboard; name = Base; path = Base.lproj/Main.storyboard; sourceTree = "<group>"; };
		B80F0EFB270FCBF30013685A /* Assets.xcassets */ = {isa = PBXFileReference; lastKnownFileType = folder.assetcatalog; path = Assets.xcassets; sourceTree = "<group>"; };
		B80F0EFE270FCBF30013685A /* Base */ = {isa = PBXFileReference; lastKnownFileType = file.storyboard; name = Base; path = Base.lproj/LaunchScreen.storyboard; sourceTree = "<group>"; };
		B80F0F00270FCBF30013685A /* Info.plist */ = {isa = PBXFileReference; lastKnownFileType = text.plist.xml; path = Info.plist; sourceTree = "<group>"; };
		B80F0F07270FEA650013685A /* CETACTableViewController.swift */ = {isa = PBXFileReference; lastKnownFileType = sourcecode.swift; path = CETACTableViewController.swift; sourceTree = "<group>"; };
		B80F0F09270FEA850013685A /* HolisticoTableViewController.swift */ = {isa = PBXFileReference; lastKnownFileType = sourcecode.swift; path = HolisticoTableViewController.swift; sourceTree = "<group>"; };
		B80F0F0B270FEAA20013685A /* AlternativasTableViewController.swift */ = {isa = PBXFileReference; lastKnownFileType = sourcecode.swift; path = AlternativasTableViewController.swift; sourceTree = "<group>"; };
		B80F0F0D270FEAB40013685A /* AcompanamientoTableViewController.swift */ = {isa = PBXFileReference; lastKnownFileType = sourcecode.swift; path = AcompanamientoTableViewController.swift; sourceTree = "<group>"; };
		B80F0F0F270FF4720013685A /* ContactosTableViewController.swift */ = {isa = PBXFileReference; lastKnownFileType = sourcecode.swift; path = ContactosTableViewController.swift; sourceTree = "<group>"; };
		B80F0F11270FF6DC0013685A /* ExpedienteTableViewController.swift */ = {isa = PBXFileReference; lastKnownFileType = sourcecode.swift; path = ExpedienteTableViewController.swift; sourceTree = "<group>"; };
		B80F0F13270FF7060013685A /* SesionesTableViewController.swift */ = {isa = PBXFileReference; lastKnownFileType = sourcecode.swift; path = SesionesTableViewController.swift; sourceTree = "<group>"; };
		B80F0F17271001B30013685A /* EncuadreTableViewController.swift */ = {isa = PBXFileReference; lastKnownFileType = sourcecode.swift; path = EncuadreTableViewController.swift; sourceTree = "<group>"; };
		B82205B42712350C00095673 /* RegistraViewController.swift */ = {isa = PBXFileReference; lastKnownFileType = sourcecode.swift; path = RegistraViewController.swift; sourceTree = "<group>"; };
		B8BBC7D6271246810042B08A /* PerfilViewController.swift */ = {isa = PBXFileReference; lastKnownFileType = sourcecode.swift; path = PerfilViewController.swift; sourceTree = "<group>"; };
		B8BBC7D927124CC60042B08A /* Perfil.swift */ = {isa = PBXFileReference; lastKnownFileType = sourcecode.swift; path = Perfil.swift; sourceTree = "<group>"; };
		B8BBC7DE27126FD10042B08A /* AdminCambiosViewController.swift */ = {isa = PBXFileReference; lastKnownFileType = sourcecode.swift; path = AdminCambiosViewController.swift; sourceTree = "<group>"; };
		B8BBC7E02712732B0042B08A /* TanatolCambioViewController.swift */ = {isa = PBXFileReference; lastKnownFileType = sourcecode.swift; path = TanatolCambioViewController.swift; sourceTree = "<group>"; };
		B8BBC7E2271280760042B08A /* UsuarioCambioViewController.swift */ = {isa = PBXFileReference; lastKnownFileType = sourcecode.swift; path = UsuarioCambioViewController.swift; sourceTree = "<group>"; };
		B8BBC7E4271297DD0042B08A /* VistaSesionViewController.swift */ = {isa = PBXFileReference; lastKnownFileType = sourcecode.swift; path = VistaSesionViewController.swift; sourceTree = "<group>"; };
		B8BBC7E627129AD80042B08A /* CambioSesionViewController.swift */ = {isa = PBXFileReference; lastKnownFileType = sourcecode.swift; path = CambioSesionViewController.swift; sourceTree = "<group>"; };
		B8C14D76271E50DC0008B350 /* Chart2ViewController.swift */ = {isa = PBXFileReference; lastKnownFileType = sourcecode.swift; path = Chart2ViewController.swift; sourceTree = "<group>"; };
		B8C14D78271E6B430008B350 /* Chart3ViewController.swift */ = {isa = PBXFileReference; lastKnownFileType = sourcecode.swift; path = Chart3ViewController.swift; sourceTree = "<group>"; };
		B8C14D7A271E6E430008B350 /* Tops.swift */ = {isa = PBXFileReference; lastKnownFileType = sourcecode.swift; path = Tops.swift; sourceTree = "<group>"; };
		B8CB4152271E39260092FD89 /* Chart1ViewController.swift */ = {isa = PBXFileReference; lastKnownFileType = sourcecode.swift; path = Chart1ViewController.swift; sourceTree = "<group>"; };
		B8CDEDCB27120D9E00AD7DC1 /* MotivoPickerView.swift */ = {isa = PBXFileReference; lastKnownFileType = sourcecode.swift; path = MotivoPickerView.swift; sourceTree = "<group>"; };
		B8CDEDCD27120F4800AD7DC1 /* SesionViewController.swift */ = {isa = PBXFileReference; lastKnownFileType = sourcecode.swift; path = SesionViewController.swift; sourceTree = "<group>"; };
		B8CDEDCF271211E800AD7DC1 /* GoogleService-Info.plist */ = {isa = PBXFileReference; fileEncoding = 4; lastKnownFileType = text.plist.xml; path = "GoogleService-Info.plist"; sourceTree = "<group>"; };
		B8CE411B271650CE00D51DBD /* CETAC_DetallesViewController.swift */ = {isa = PBXFileReference; lastKnownFileType = sourcecode.swift; path = CETAC_DetallesViewController.swift; sourceTree = "<group>"; };
		B8CE411D2716513C00D51DBD /* Informacion.swift */ = {isa = PBXFileReference; lastKnownFileType = sourcecode.swift; path = Informacion.swift; sourceTree = "<group>"; };
		B8CE411F271654EE00D51DBD /* Holistico_DetallesViewController.swift */ = {isa = PBXFileReference; lastKnownFileType = sourcecode.swift; path = Holistico_DetallesViewController.swift; sourceTree = "<group>"; };
		B8CE4121271654FC00D51DBD /* Holistico.swift */ = {isa = PBXFileReference; lastKnownFileType = sourcecode.swift; path = Holistico.swift; sourceTree = "<group>"; };
		B8CE4125271658FA00D51DBD /* Acompa.swift */ = {isa = PBXFileReference; lastKnownFileType = sourcecode.swift; path = Acompa.swift; sourceTree = "<group>"; };
		B8CE412727165A4600D51DBD /* Acompa_DetallesViewController.swift */ = {isa = PBXFileReference; lastKnownFileType = sourcecode.swift; path = Acompa_DetallesViewController.swift; sourceTree = "<group>"; };
		B8CE412927165BD300D51DBD /* Alternativas.swift */ = {isa = PBXFileReference; lastKnownFileType = sourcecode.swift; path = Alternativas.swift; sourceTree = "<group>"; };
		B8CE412B27165C6A00D51DBD /* Alternativas_DetallesViewController.swift */ = {isa = PBXFileReference; lastKnownFileType = sourcecode.swift; path = Alternativas_DetallesViewController.swift; sourceTree = "<group>"; };
		F8ED89E96D77C588FB79D4B8 /* Pods_ProyectoIntegracion.framework */ = {isa = PBXFileReference; explicitFileType = wrapper.framework; includeInIndex = 0; path = Pods_ProyectoIntegracion.framework; sourceTree = BUILT_PRODUCTS_DIR; };
/* End PBXFileReference section */

/* Begin PBXFrameworksBuildPhase section */
		B80F0EEC270FCBF10013685A /* Frameworks */ = {
			isa = PBXFrameworksBuildPhase;
			buildActionMask = 2147483647;
			files = (
				1F2D11871CF6219C2EE126EE /* Pods_ProyectoIntegracion.framework in Frameworks */,
			);
			runOnlyForDeploymentPostprocessing = 0;
		};
/* End PBXFrameworksBuildPhase section */

/* Begin PBXGroup section */
		3AB65AB30082738F7A5C1F04 /* Pods */ = {
			isa = PBXGroup;
			children = (
				9FCD021655EA7E7390F5CCAC /* Pods-ProyectoIntegracion.debug.xcconfig */,
				6880EFA91AEA7573F0893516 /* Pods-ProyectoIntegracion.release.xcconfig */,
			);
			path = Pods;
			sourceTree = "<group>";
		};
		B42D7682E0F56F193B8710DC /* Frameworks */ = {
			isa = PBXGroup;
			children = (
				F8ED89E96D77C588FB79D4B8 /* Pods_ProyectoIntegracion.framework */,
			);
			name = Frameworks;
			sourceTree = "<group>";
		};
		B80F0EE6270FCBF10013685A = {
			isa = PBXGroup;
			children = (
				B80F0EF1270FCBF10013685A /* ProyectoIntegracion */,
				B80F0EF0270FCBF10013685A /* Products */,
				3AB65AB30082738F7A5C1F04 /* Pods */,
				B42D7682E0F56F193B8710DC /* Frameworks */,
			);
			sourceTree = "<group>";
		};
		B80F0EF0270FCBF10013685A /* Products */ = {
			isa = PBXGroup;
			children = (
				B80F0EEF270FCBF10013685A /* ProyectoIntegracion.app */,
			);
			name = Products;
			sourceTree = "<group>";
		};
		B80F0EF1270FCBF10013685A /* ProyectoIntegracion */ = {
			isa = PBXGroup;
			children = (
				B8BBC7D827124CAC0042B08A /* Modules */,
				B80F0F06270FEA490013685A /* Controladores */,
				B80F0EF2270FCBF10013685A /* AppDelegate.swift */,
				B80F0EF4270FCBF20013685A /* SceneDelegate.swift */,
				B80F0EF6270FCBF20013685A /* ViewController.swift */,
				B80F0EF8270FCBF20013685A /* Main.storyboard */,
				B80F0EFB270FCBF30013685A /* Assets.xcassets */,
				B80F0EFD270FCBF30013685A /* LaunchScreen.storyboard */,
				B80F0F00270FCBF30013685A /* Info.plist */,
				B8CDEDCF271211E800AD7DC1 /* GoogleService-Info.plist */,
			);
			path = ProyectoIntegracion;
			sourceTree = "<group>";
		};
		B80F0F06270FEA490013685A /* Controladores */ = {
			isa = PBXGroup;
			children = (
				B80F0F07270FEA650013685A /* CETACTableViewController.swift */,
				B80F0F09270FEA850013685A /* HolisticoTableViewController.swift */,
				B80F0F0B270FEAA20013685A /* AlternativasTableViewController.swift */,
				B80F0F0D270FEAB40013685A /* AcompanamientoTableViewController.swift */,
				B80F0F0F270FF4720013685A /* ContactosTableViewController.swift */,
				B80F0F11270FF6DC0013685A /* ExpedienteTableViewController.swift */,
				B80F0F13270FF7060013685A /* SesionesTableViewController.swift */,
				B80F0F17271001B30013685A /* EncuadreTableViewController.swift */,
				B8CDEDCB27120D9E00AD7DC1 /* MotivoPickerView.swift */,
				B8CDEDCD27120F4800AD7DC1 /* SesionViewController.swift */,
				B82205B42712350C00095673 /* RegistraViewController.swift */,
				B8BBC7D6271246810042B08A /* PerfilViewController.swift */,
				B8BBC7DE27126FD10042B08A /* AdminCambiosViewController.swift */,
				B8BBC7E02712732B0042B08A /* TanatolCambioViewController.swift */,
				B8BBC7E2271280760042B08A /* UsuarioCambioViewController.swift */,
				B8BBC7E4271297DD0042B08A /* VistaSesionViewController.swift */,
				B8BBC7E627129AD80042B08A /* CambioSesionViewController.swift */,
				B8CE411B271650CE00D51DBD /* CETAC_DetallesViewController.swift */,
				B8CE411F271654EE00D51DBD /* Holistico_DetallesViewController.swift */,
				B8CE412727165A4600D51DBD /* Acompa_DetallesViewController.swift */,
				B8CE412B27165C6A00D51DBD /* Alternativas_DetallesViewController.swift */,
				B8CB4152271E39260092FD89 /* Chart1ViewController.swift */,
				B8C14D76271E50DC0008B350 /* Chart2ViewController.swift */,
				B8C14D78271E6B430008B350 /* Chart3ViewController.swift */,
			);
			path = Controladores;
			sourceTree = "<group>";
		};
		B8BBC7D827124CAC0042B08A /* Modules */ = {
			isa = PBXGroup;
			children = (
				B8BBC7D927124CC60042B08A /* Perfil.swift */,
				B8CE411D2716513C00D51DBD /* Informacion.swift */,
				B8CE4121271654FC00D51DBD /* Holistico.swift */,
				B8CE4125271658FA00D51DBD /* Acompa.swift */,
				B8CE412927165BD300D51DBD /* Alternativas.swift */,
				B8C14D7A271E6E430008B350 /* Tops.swift */,
			);
			path = Modules;
			sourceTree = "<group>";
		};
/* End PBXGroup section */

/* Begin PBXNativeTarget section */
		B80F0EEE270FCBF10013685A /* ProyectoIntegracion */ = {
			isa = PBXNativeTarget;
			buildConfigurationList = B80F0F03270FCBF30013685A /* Build configuration list for PBXNativeTarget "ProyectoIntegracion" */;
			buildPhases = (
				528FB614A59657189AC7D736 /* [CP] Check Pods Manifest.lock */,
				B80F0EEB270FCBF10013685A /* Sources */,
				B80F0EEC270FCBF10013685A /* Frameworks */,
				B80F0EED270FCBF10013685A /* Resources */,
				CF25F1C1AA37653CFFD0ED35 /* [CP] Embed Pods Frameworks */,
			);
			buildRules = (
			);
			dependencies = (
			);
			name = ProyectoIntegracion;
			productName = ProyectoIntegracion;
			productReference = B80F0EEF270FCBF10013685A /* ProyectoIntegracion.app */;
			productType = "com.apple.product-type.application";
		};
/* End PBXNativeTarget section */

/* Begin PBXProject section */
		B80F0EE7270FCBF10013685A /* Project object */ = {
			isa = PBXProject;
			attributes = {
				LastSwiftUpdateCheck = 1250;
				LastUpgradeCheck = 1250;
				TargetAttributes = {
					B80F0EEE270FCBF10013685A = {
						CreatedOnToolsVersion = 12.5;
					};
				};
			};
			buildConfigurationList = B80F0EEA270FCBF10013685A /* Build configuration list for PBXProject "ProyectoIntegracion" */;
			compatibilityVersion = "Xcode 9.3";
			developmentRegion = en;
			hasScannedForEncodings = 0;
			knownRegions = (
				en,
				Base,
			);
			mainGroup = B80F0EE6270FCBF10013685A;
			productRefGroup = B80F0EF0270FCBF10013685A /* Products */;
			projectDirPath = "";
			projectRoot = "";
			targets = (
				B80F0EEE270FCBF10013685A /* ProyectoIntegracion */,
			);
		};
/* End PBXProject section */

/* Begin PBXResourcesBuildPhase section */
		B80F0EED270FCBF10013685A /* Resources */ = {
			isa = PBXResourcesBuildPhase;
			buildActionMask = 2147483647;
			files = (
				B80F0EFF270FCBF30013685A /* LaunchScreen.storyboard in Resources */,
				B8CDEDD0271211E800AD7DC1 /* GoogleService-Info.plist in Resources */,
				B80F0EFC270FCBF30013685A /* Assets.xcassets in Resources */,
				B80F0EFA270FCBF20013685A /* Main.storyboard in Resources */,
			);
			runOnlyForDeploymentPostprocessing = 0;
		};
/* End PBXResourcesBuildPhase section */

/* Begin PBXShellScriptBuildPhase section */
		528FB614A59657189AC7D736 /* [CP] Check Pods Manifest.lock */ = {
			isa = PBXShellScriptBuildPhase;
			buildActionMask = 2147483647;
			files = (
			);
			inputFileListPaths = (
			);
			inputPaths = (
				"${PODS_PODFILE_DIR_PATH}/Podfile.lock",
				"${PODS_ROOT}/Manifest.lock",
			);
			name = "[CP] Check Pods Manifest.lock";
			outputFileListPaths = (
			);
			outputPaths = (
				"$(DERIVED_FILE_DIR)/Pods-ProyectoIntegracion-checkManifestLockResult.txt",
			);
			runOnlyForDeploymentPostprocessing = 0;
			shellPath = /bin/sh;
			shellScript = "diff \"${PODS_PODFILE_DIR_PATH}/Podfile.lock\" \"${PODS_ROOT}/Manifest.lock\" > /dev/null\nif [ $? != 0 ] ; then\n    # print error to STDERR\n    echo \"error: The sandbox is not in sync with the Podfile.lock. Run 'pod install' or update your CocoaPods installation.\" >&2\n    exit 1\nfi\n# This output is used by Xcode 'outputs' to avoid re-running this script phase.\necho \"SUCCESS\" > \"${SCRIPT_OUTPUT_FILE_0}\"\n";
			showEnvVarsInLog = 0;
		};
		CF25F1C1AA37653CFFD0ED35 /* [CP] Embed Pods Frameworks */ = {
			isa = PBXShellScriptBuildPhase;
			buildActionMask = 2147483647;
			files = (
			);
			inputFileListPaths = (
				"${PODS_ROOT}/Target Support Files/Pods-ProyectoIntegracion/Pods-ProyectoIntegracion-frameworks-${CONFIGURATION}-input-files.xcfilelist",
			);
			name = "[CP] Embed Pods Frameworks";
			outputFileListPaths = (
				"${PODS_ROOT}/Target Support Files/Pods-ProyectoIntegracion/Pods-ProyectoIntegracion-frameworks-${CONFIGURATION}-output-files.xcfilelist",
			);
			runOnlyForDeploymentPostprocessing = 0;
			shellPath = /bin/sh;
			shellScript = "\"${PODS_ROOT}/Target Support Files/Pods-ProyectoIntegracion/Pods-ProyectoIntegracion-frameworks.sh\"\n";
			showEnvVarsInLog = 0;
		};
/* End PBXShellScriptBuildPhase section */

/* Begin PBXSourcesBuildPhase section */
		B80F0EEB270FCBF10013685A /* Sources */ = {
			isa = PBXSourcesBuildPhase;
			buildActionMask = 2147483647;
			files = (
				B80F0F08270FEA650013685A /* CETACTableViewController.swift in Sources */,
				B80F0EF7270FCBF20013685A /* ViewController.swift in Sources */,
				B80F0F10270FF4720013685A /* ContactosTableViewController.swift in Sources */,
				B8C14D7B271E6E430008B350 /* Tops.swift in Sources */,
				B8CE4120271654EE00D51DBD /* Holistico_DetallesViewController.swift in Sources */,
				B8CE4126271658FA00D51DBD /* Acompa.swift in Sources */,
				B80F0EF3270FCBF10013685A /* AppDelegate.swift in Sources */,
				B80F0F14270FF7060013685A /* SesionesTableViewController.swift in Sources */,
				B8CE412A27165BD300D51DBD /* Alternativas.swift in Sources */,
				B8CE411E2716513C00D51DBD /* Informacion.swift in Sources */,
				B8C14D77271E50DC0008B350 /* Chart2ViewController.swift in Sources */,
				B8BBC7E5271297DD0042B08A /* VistaSesionViewController.swift in Sources */,
				B80F0EF5270FCBF20013685A /* SceneDelegate.swift in Sources */,
				B8CDEDCE27120F4800AD7DC1 /* SesionViewController.swift in Sources */,
				B8BBC7E12712732B0042B08A /* TanatolCambioViewController.swift in Sources */,
				B8BBC7E3271280760042B08A /* UsuarioCambioViewController.swift in Sources */,
				B80F0F18271001B30013685A /* EncuadreTableViewController.swift in Sources */,
				B8CB4153271E39260092FD89 /* Chart1ViewController.swift in Sources */,
				B82205B52712350C00095673 /* RegistraViewController.swift in Sources */,
				B8BBC7DA27124CC60042B08A /* Perfil.swift in Sources */,
				B8BBC7D7271246810042B08A /* PerfilViewController.swift in Sources */,
				B80F0F0A270FEA850013685A /* HolisticoTableViewController.swift in Sources */,
				B8CDEDCC27120D9E00AD7DC1 /* MotivoPickerView.swift in Sources */,
				B80F0F0E270FEAB40013685A /* AcompanamientoTableViewController.swift in Sources */,
				B80F0F0C270FEAA20013685A /* AlternativasTableViewController.swift in Sources */,
				B8CE4122271654FC00D51DBD /* Holistico.swift in Sources */,
				B8C14D79271E6B430008B350 /* Chart3ViewController.swift in Sources */,
				B8BBC7DF27126FD10042B08A /* AdminCambiosViewController.swift in Sources */,
				B8CE412827165A4600D51DBD /* Acompa_DetallesViewController.swift in Sources */,
				B8CE412C27165C6A00D51DBD /* Alternativas_DetallesViewController.swift in Sources */,
				B8CE411C271650CE00D51DBD /* CETAC_DetallesViewController.swift in Sources */,
				B80F0F12270FF6DC0013685A /* ExpedienteTableViewController.swift in Sources */,
				B8BBC7E727129AD80042B08A /* CambioSesionViewController.swift in Sources */,
			);
			runOnlyForDeploymentPostprocessing = 0;
		};
/* End PBXSourcesBuildPhase section */

/* Begin PBXVariantGroup section */
		B80F0EF8270FCBF20013685A /* Main.storyboard */ = {
			isa = PBXVariantGroup;
			children = (
				B80F0EF9270FCBF20013685A /* Base */,
			);
			name = Main.storyboard;
			sourceTree = "<group>";
		};
		B80F0EFD270FCBF30013685A /* LaunchScreen.storyboard */ = {
			isa = PBXVariantGroup;
			children = (
				B80F0EFE270FCBF30013685A /* Base */,
			);
			name = LaunchScreen.storyboard;
			sourceTree = "<group>";
		};
/* End PBXVariantGroup section */

/* Begin XCBuildConfiguration section */
		B80F0F01270FCBF30013685A /* Debug */ = {
			isa = XCBuildConfiguration;
			buildSettings = {
				ALWAYS_SEARCH_USER_PATHS = NO;
				CLANG_ANALYZER_NONNULL = YES;
				CLANG_ANALYZER_NUMBER_OBJECT_CONVERSION = YES_AGGRESSIVE;
				CLANG_CXX_LANGUAGE_STANDARD = "gnu++14";
				CLANG_CXX_LIBRARY = "libc++";
				CLANG_ENABLE_MODULES = YES;
				CLANG_ENABLE_OBJC_ARC = YES;
				CLANG_ENABLE_OBJC_WEAK = YES;
				CLANG_WARN_BLOCK_CAPTURE_AUTORELEASING = YES;
				CLANG_WARN_BOOL_CONVERSION = YES;
				CLANG_WARN_COMMA = YES;
				CLANG_WARN_CONSTANT_CONVERSION = YES;
				CLANG_WARN_DEPRECATED_OBJC_IMPLEMENTATIONS = YES;
				CLANG_WARN_DIRECT_OBJC_ISA_USAGE = YES_ERROR;
				CLANG_WARN_DOCUMENTATION_COMMENTS = YES;
				CLANG_WARN_EMPTY_BODY = YES;
				CLANG_WARN_ENUM_CONVERSION = YES;
				CLANG_WARN_INFINITE_RECURSION = YES;
				CLANG_WARN_INT_CONVERSION = YES;
				CLANG_WARN_NON_LITERAL_NULL_CONVERSION = YES;
				CLANG_WARN_OBJC_IMPLICIT_RETAIN_SELF = YES;
				CLANG_WARN_OBJC_LITERAL_CONVERSION = YES;
				CLANG_WARN_OBJC_ROOT_CLASS = YES_ERROR;
				CLANG_WARN_QUOTED_INCLUDE_IN_FRAMEWORK_HEADER = YES;
				CLANG_WARN_RANGE_LOOP_ANALYSIS = YES;
				CLANG_WARN_STRICT_PROTOTYPES = YES;
				CLANG_WARN_SUSPICIOUS_MOVE = YES;
				CLANG_WARN_UNGUARDED_AVAILABILITY = YES_AGGRESSIVE;
				CLANG_WARN_UNREACHABLE_CODE = YES;
				CLANG_WARN__DUPLICATE_METHOD_MATCH = YES;
				COPY_PHASE_STRIP = NO;
				DEBUG_INFORMATION_FORMAT = dwarf;
				ENABLE_STRICT_OBJC_MSGSEND = YES;
				ENABLE_TESTABILITY = YES;
				GCC_C_LANGUAGE_STANDARD = gnu11;
				GCC_DYNAMIC_NO_PIC = NO;
				GCC_NO_COMMON_BLOCKS = YES;
				GCC_OPTIMIZATION_LEVEL = 0;
				GCC_PREPROCESSOR_DEFINITIONS = (
					"DEBUG=1",
					"$(inherited)",
				);
				GCC_WARN_64_TO_32_BIT_CONVERSION = YES;
				GCC_WARN_ABOUT_RETURN_TYPE = YES_ERROR;
				GCC_WARN_UNDECLARED_SELECTOR = YES;
				GCC_WARN_UNINITIALIZED_AUTOS = YES_AGGRESSIVE;
				GCC_WARN_UNUSED_FUNCTION = YES;
				GCC_WARN_UNUSED_VARIABLE = YES;
				IPHONEOS_DEPLOYMENT_TARGET = 14.5;
				MTL_ENABLE_DEBUG_INFO = INCLUDE_SOURCE;
				MTL_FAST_MATH = YES;
				ONLY_ACTIVE_ARCH = YES;
				SDKROOT = iphoneos;
				SWIFT_ACTIVE_COMPILATION_CONDITIONS = DEBUG;
				SWIFT_OPTIMIZATION_LEVEL = "-Onone";
			};
			name = Debug;
		};
		B80F0F02270FCBF30013685A /* Release */ = {
			isa = XCBuildConfiguration;
			buildSettings = {
				ALWAYS_SEARCH_USER_PATHS = NO;
				CLANG_ANALYZER_NONNULL = YES;
				CLANG_ANALYZER_NUMBER_OBJECT_CONVERSION = YES_AGGRESSIVE;
				CLANG_CXX_LANGUAGE_STANDARD = "gnu++14";
				CLANG_CXX_LIBRARY = "libc++";
				CLANG_ENABLE_MODULES = YES;
				CLANG_ENABLE_OBJC_ARC = YES;
				CLANG_ENABLE_OBJC_WEAK = YES;
				CLANG_WARN_BLOCK_CAPTURE_AUTORELEASING = YES;
				CLANG_WARN_BOOL_CONVERSION = YES;
				CLANG_WARN_COMMA = YES;
				CLANG_WARN_CONSTANT_CONVERSION = YES;
				CLANG_WARN_DEPRECATED_OBJC_IMPLEMENTATIONS = YES;
				CLANG_WARN_DIRECT_OBJC_ISA_USAGE = YES_ERROR;
				CLANG_WARN_DOCUMENTATION_COMMENTS = YES;
				CLANG_WARN_EMPTY_BODY = YES;
				CLANG_WARN_ENUM_CONVERSION = YES;
				CLANG_WARN_INFINITE_RECURSION = YES;
				CLANG_WARN_INT_CONVERSION = YES;
				CLANG_WARN_NON_LITERAL_NULL_CONVERSION = YES;
				CLANG_WARN_OBJC_IMPLICIT_RETAIN_SELF = YES;
				CLANG_WARN_OBJC_LITERAL_CONVERSION = YES;
				CLANG_WARN_OBJC_ROOT_CLASS = YES_ERROR;
				CLANG_WARN_QUOTED_INCLUDE_IN_FRAMEWORK_HEADER = YES;
				CLANG_WARN_RANGE_LOOP_ANALYSIS = YES;
				CLANG_WARN_STRICT_PROTOTYPES = YES;
				CLANG_WARN_SUSPICIOUS_MOVE = YES;
				CLANG_WARN_UNGUARDED_AVAILABILITY = YES_AGGRESSIVE;
				CLANG_WARN_UNREACHABLE_CODE = YES;
				CLANG_WARN__DUPLICATE_METHOD_MATCH = YES;
				COPY_PHASE_STRIP = NO;
				DEBUG_INFORMATION_FORMAT = "dwarf-with-dsym";
				ENABLE_NS_ASSERTIONS = NO;
				ENABLE_STRICT_OBJC_MSGSEND = YES;
				GCC_C_LANGUAGE_STANDARD = gnu11;
				GCC_NO_COMMON_BLOCKS = YES;
				GCC_WARN_64_TO_32_BIT_CONVERSION = YES;
				GCC_WARN_ABOUT_RETURN_TYPE = YES_ERROR;
				GCC_WARN_UNDECLARED_SELECTOR = YES;
				GCC_WARN_UNINITIALIZED_AUTOS = YES_AGGRESSIVE;
				GCC_WARN_UNUSED_FUNCTION = YES;
				GCC_WARN_UNUSED_VARIABLE = YES;
				IPHONEOS_DEPLOYMENT_TARGET = 14.5;
				MTL_ENABLE_DEBUG_INFO = NO;
				MTL_FAST_MATH = YES;
				SDKROOT = iphoneos;
				SWIFT_COMPILATION_MODE = wholemodule;
				SWIFT_OPTIMIZATION_LEVEL = "-O";
				VALIDATE_PRODUCT = YES;
			};
			name = Release;
		};
		B80F0F04270FCBF30013685A /* Debug */ = {
			isa = XCBuildConfiguration;
			baseConfigurationReference = 9FCD021655EA7E7390F5CCAC /* Pods-ProyectoIntegracion.debug.xcconfig */;
			buildSettings = {
				ASSETCATALOG_COMPILER_APPICON_NAME = AppIcon;
				ASSETCATALOG_COMPILER_GLOBAL_ACCENT_COLOR_NAME = AccentColor;
				CODE_SIGN_STYLE = Automatic;
				DEVELOPMENT_TEAM = Q2UJ42T5U2;
				INFOPLIST_FILE = ProyectoIntegracion/Info.plist;
				LD_RUNPATH_SEARCH_PATHS = (
					"$(inherited)",
					"@executable_path/Frameworks",
				);
				PRODUCT_BUNDLE_IDENTIFIER = mx.a01651298TEAM.ProyectoIntegracion;
				PRODUCT_NAME = "$(TARGET_NAME)";
				SWIFT_VERSION = 5.0;
				TARGETED_DEVICE_FAMILY = "1,2";
			};
			name = Debug;
		};
		B80F0F05270FCBF30013685A /* Release */ = {
			isa = XCBuildConfiguration;
			baseConfigurationReference = 6880EFA91AEA7573F0893516 /* Pods-ProyectoIntegracion.release.xcconfig */;
			buildSettings = {
				ASSETCATALOG_COMPILER_APPICON_NAME = AppIcon;
				ASSETCATALOG_COMPILER_GLOBAL_ACCENT_COLOR_NAME = AccentColor;
				CODE_SIGN_STYLE = Automatic;
				DEVELOPMENT_TEAM = M5GV9PDMXQ;
				INFOPLIST_FILE = ProyectoIntegracion/Info.plist;
				LD_RUNPATH_SEARCH_PATHS = (
					"$(inherited)",
					"@executable_path/Frameworks",
				);
				PRODUCT_BUNDLE_IDENTIFIER = mx.a01651298TEAM.ProyectoIntegracion;
				PRODUCT_NAME = "$(TARGET_NAME)";
				SWIFT_VERSION = 5.0;
				TARGETED_DEVICE_FAMILY = "1,2";
			};
			name = Release;
		};
/* End XCBuildConfiguration section */

/* Begin XCConfigurationList section */
		B80F0EEA270FCBF10013685A /* Build configuration list for PBXProject "ProyectoIntegracion" */ = {
			isa = XCConfigurationList;
			buildConfigurations = (
				B80F0F01270FCBF30013685A /* Debug */,
				B80F0F02270FCBF30013685A /* Release */,
			);
			defaultConfigurationIsVisible = 0;
			defaultConfigurationName = Release;
		};
		B80F0F03270FCBF30013685A /* Build configuration list for PBXNativeTarget "ProyectoIntegracion" */ = {
			isa = XCConfigurationList;
			buildConfigurations = (
				B80F0F04270FCBF30013685A /* Debug */,
				B80F0F05270FCBF30013685A /* Release */,
			);
			defaultConfigurationIsVisible = 0;
			defaultConfigurationName = Release;
		};
/* End XCConfigurationList section */
	};
	rootObject = B80F0EE7270FCBF10013685A /* Project object */;
}
